
Microsoft Visual Studio Solution File, Format Version 12.00
# Visual Studio 15
VisualStudioVersion = 15.0.28010.2016
MinimumVisualStudioVersion = 10.0.40219.1
Project("{FAE04EC0-301F-11D3-BF4B-00C04F79EFBC}") = "102170301_HoangDucThanh_17TCLC2", "102170301_HoangDucThanh_17TCLC2\102170301_HoangDucThanh_17TCLC2.csproj", "{45A8F133-82F7-4C02-BB5A-C4A9E9A98FBE}"
EndProject
Global
	GlobalSection(SolutionConfigurationPlatforms) = preSolution
		Debug|Any CPU = Debug|Any CPU
		Release|Any CPU = Release|Any CPU
	EndGlobalSection
	GlobalSection(ProjectConfigurationPlatforms) = postSolution
		{45A8F133-82F7-4C02-BB5A-C4A9E9A98FBE}.Debug|Any CPU.ActiveCfg = Debug|Any CPU
		{45A8F133-82F7-4C02-BB5A-C4A9E9A98FBE}.Debug|Any CPU.Build.0 = Debug|Any CPU
		{45A8F133-82F7-4C02-BB5A-C4A9E9A98FBE}.Release|Any CPU.ActiveCfg = Release|Any CPU
		{45A8F133-82F7-4C02-BB5A-C4A9E9A98FBE}.Release|Any CPU.Build.0 = Release|Any CPU
	EndGlobalSection
	GlobalSection(SolutionProperties) = preSolution
		HideSolutionNode = FALSE
	EndGlobalSection
	GlobalSection(ExtensibilityGlobals) = postSolution
		SolutionGuid = {808A2ED0-649D-49BF-8714-E1A42BC8775E}
	EndGlobalSection
EndGlobal
